
Microsoft Visual Studio Solution File, Format Version 12.00
# Visual Studio Version 16
VisualStudioVersion = 16.0.29728.190
MinimumVisualStudioVersion = 10.0.40219.1
Project("{9A19103F-16F7-4668-BE54-9A1E7A4F7556}") = "SkycoreHRM.Server", "SkycoreHRM.Server\SkycoreHRM.Server.csproj", "{2D2940C7-0E2B-4915-AD6C-044E7643AB32}"
EndProject
Project("{9A19103F-16F7-4668-BE54-9A1E7A4F7556}") = "SkycoreHRM.Shared", "SkycoreHRM.Shared\SkycoreHRM.Shared.csproj", "{3B58AAD9-13B9-44C9-8B78-C996A8D82887}"
EndProject
Project("{9A19103F-16F7-4668-BE54-9A1E7A4F7556}") = "SkycoreHRM.Api", "SkycoreHRM.Api\SkycoreHRM.Api.csproj", "{80294A63-03D8-4D44-A432-F6CD59F65DD9}"
EndProject
Project("{FAE04EC0-301F-11D3-BF4B-00C04F79EFBC}") = "SkycorHRM.DesignPattern", "SkycorHRM.DesignPattern\SkycorHRM.DesignPattern.csproj", "{B4401139-918B-44A1-A028-00EED3A82612}"
EndProject
Global
	GlobalSection(SolutionConfigurationPlatforms) = preSolution
		Debug|Any CPU = Debug|Any CPU
		Release|Any CPU = Release|Any CPU
	EndGlobalSection
	GlobalSection(ProjectConfigurationPlatforms) = postSolution
		{2D2940C7-0E2B-4915-AD6C-044E7643AB32}.Debug|Any CPU.ActiveCfg = Debug|Any CPU
		{2D2940C7-0E2B-4915-AD6C-044E7643AB32}.Debug|Any CPU.Build.0 = Debug|Any CPU
		{2D2940C7-0E2B-4915-AD6C-044E7643AB32}.Release|Any CPU.ActiveCfg = Release|Any CPU
		{2D2940C7-0E2B-4915-AD6C-044E7643AB32}.Release|Any CPU.Build.0 = Release|Any CPU
		{3B58AAD9-13B9-44C9-8B78-C996A8D82887}.Debug|Any CPU.ActiveCfg = Debug|Any CPU
		{3B58AAD9-13B9-44C9-8B78-C996A8D82887}.Debug|Any CPU.Build.0 = Debug|Any CPU
		{3B58AAD9-13B9-44C9-8B78-C996A8D82887}.Release|Any CPU.ActiveCfg = Release|Any CPU
		{3B58AAD9-13B9-44C9-8B78-C996A8D82887}.Release|Any CPU.Build.0 = Release|Any CPU
		{80294A63-03D8-4D44-A432-F6CD59F65DD9}.Debug|Any CPU.ActiveCfg = Debug|Any CPU
		{80294A63-03D8-4D44-A432-F6CD59F65DD9}.Debug|Any CPU.Build.0 = Debug|Any CPU
		{80294A63-03D8-4D44-A432-F6CD59F65DD9}.Release|Any CPU.ActiveCfg = Release|Any CPU
		{80294A63-03D8-4D44-A432-F6CD59F65DD9}.Release|Any CPU.Build.0 = Release|Any CPU
		{B4401139-918B-44A1-A028-00EED3A82612}.Debug|Any CPU.ActiveCfg = Debug|Any CPU
		{B4401139-918B-44A1-A028-00EED3A82612}.Debug|Any CPU.Build.0 = Debug|Any CPU
		{B4401139-918B-44A1-A028-00EED3A82612}.Release|Any CPU.ActiveCfg = Release|Any CPU
		{B4401139-918B-44A1-A028-00EED3A82612}.Release|Any CPU.Build.0 = Release|Any CPU
	EndGlobalSection
	GlobalSection(SolutionProperties) = preSolution
		HideSolutionNode = FALSE
	EndGlobalSection
	GlobalSection(ExtensibilityGlobals) = postSolution
		SolutionGuid = {1155ABFB-93CB-4479-B27A-6AC62C128D81}
	EndGlobalSection
EndGlobal
